
Microsoft Visual Studio Solution File, Format Version 12.00
# Visual Studio 15
VisualStudioVersion = 15.0.27428.2005
MinimumVisualStudioVersion = 10.0.40219.1
Project("{FAE04EC0-301F-11D3-BF4B-00C04F79EFBC}") = "DSTris", "DSTris\DSTris.csproj", "{2DA79052-0F73-474A-8ACD-89F1D9676C20}"
EndProject
Global
	GlobalSection(SolutionConfigurationPlatforms) = preSolution
		Debug|Any CPU = Debug|Any CPU
		Release|Any CPU = Release|Any CPU
	EndGlobalSection
	GlobalSection(ProjectConfigurationPlatforms) = postSolution
		{2DA79052-0F73-474A-8ACD-89F1D9676C20}.Debug|Any CPU.ActiveCfg = Debug|Any CPU
		{2DA79052-0F73-474A-8ACD-89F1D9676C20}.Debug|Any CPU.Build.0 = Debug|Any CPU
		{2DA79052-0F73-474A-8ACD-89F1D9676C20}.Release|Any CPU.ActiveCfg = Release|Any CPU
		{2DA79052-0F73-474A-8ACD-89F1D9676C20}.Release|Any CPU.Build.0 = Release|Any CPU
	EndGlobalSection
	GlobalSection(SolutionProperties) = preSolution
		HideSolutionNode = FALSE
	EndGlobalSection
	GlobalSection(ExtensibilityGlobals) = postSolution
		SolutionGuid = {4CF1B8BB-6BE7-4ED3-A7A4-4B86F490305C}
	EndGlobalSection
EndGlobal
